// !$*UTF8*$!
{
	archiveVersion = 1;
	classes = {
	};
	objectVersion = 50;
	objects = {

/* Begin PBXBuildFile section */
		CAF1D3DF20A1F254000013A9 /* AppDelegate.swift in Sources */ = {isa = PBXBuildFile; fileRef = CAF1D3DE20A1F254000013A9 /* AppDelegate.swift */; };
		CAF1D3E120A1F254000013A9 /* ViewController.swift in Sources */ = {isa = PBXBuildFile; fileRef = CAF1D3E020A1F254000013A9 /* ViewController.swift */; };
		CAF1D3E620A1F256000013A9 /* Assets.xcassets in Resources */ = {isa = PBXBuildFile; fileRef = CAF1D3E520A1F256000013A9 /* Assets.xcassets */; };
		CAF1D3E920A1F256000013A9 /* LaunchScreen.storyboard in Resources */ = {isa = PBXBuildFile; fileRef = CAF1D3E720A1F256000013A9 /* LaunchScreen.storyboard */; };
		CAF1D3F120A1F2C4000013A9 /* ContainerViewController.swift in Sources */ = {isa = PBXBuildFile; fileRef = CAF1D3F020A1F2C4000013A9 /* ContainerViewController.swift */; };
		CAF1D3F420A1F31E000013A9 /* SidePanelViewController.swift in Sources */ = {isa = PBXBuildFile; fileRef = CAF1D3F220A1F31E000013A9 /* SidePanelViewController.swift */; };
		CAF1D3F520A1F31E000013A9 /* SidePanelViewController.xib in Resources */ = {isa = PBXBuildFile; fileRef = CAF1D3F320A1F31E000013A9 /* SidePanelViewController.xib */; };
		CAF1D3FC20A1F3C7000013A9 /* PrimaryViewController.swift in Sources */ = {isa = PBXBuildFile; fileRef = CAF1D3FA20A1F3C7000013A9 /* PrimaryViewController.swift */; };
		CAF1D3FD20A1F3C7000013A9 /* PrimaryViewController.xib in Resources */ = {isa = PBXBuildFile; fileRef = CAF1D3FB20A1F3C7000013A9 /* PrimaryViewController.xib */; };
		CAF1D40020A1F3D7000013A9 /* SecundaryViewController.swift in Sources */ = {isa = PBXBuildFile; fileRef = CAF1D3FE20A1F3D7000013A9 /* SecundaryViewController.swift */; };
		CAF1D40120A1F3D7000013A9 /* SecundaryViewController.xib in Resources */ = {isa = PBXBuildFile; fileRef = CAF1D3FF20A1F3D7000013A9 /* SecundaryViewController.xib */; };
/* End PBXBuildFile section */

/* Begin PBXFileReference section */
		CAF1D3DB20A1F254000013A9 /* ContainerViewSample.app */ = {isa = PBXFileReference; explicitFileType = wrapper.application; includeInIndex = 0; path = ContainerViewSample.app; sourceTree = BUILT_PRODUCTS_DIR; };
		CAF1D3DE20A1F254000013A9 /* AppDelegate.swift */ = {isa = PBXFileReference; lastKnownFileType = sourcecode.swift; path = AppDelegate.swift; sourceTree = "<group>"; };
		CAF1D3E020A1F254000013A9 /* ViewController.swift */ = {isa = PBXFileReference; lastKnownFileType = sourcecode.swift; path = ViewController.swift; sourceTree = "<group>"; };
		CAF1D3E520A1F256000013A9 /* Assets.xcassets */ = {isa = PBXFileReference; lastKnownFileType = folder.assetcatalog; path = Assets.xcassets; sourceTree = "<group>"; };
		CAF1D3E820A1F256000013A9 /* Base */ = {isa = PBXFileReference; lastKnownFileType = file.storyboard; name = Base; path = Base.lproj/LaunchScreen.storyboard; sourceTree = "<group>"; };
		CAF1D3EA20A1F256000013A9 /* Info.plist */ = {isa = PBXFileReference; lastKnownFileType = text.plist.xml; path = Info.plist; sourceTree = "<group>"; };
		CAF1D3F020A1F2C4000013A9 /* ContainerViewController.swift */ = {isa = PBXFileReference; lastKnownFileType = sourcecode.swift; path = ContainerViewController.swift; sourceTree = "<group>"; };
		CAF1D3F220A1F31E000013A9 /* SidePanelViewController.swift */ = {isa = PBXFileReference; lastKnownFileType = sourcecode.swift; path = SidePanelViewController.swift; sourceTree = "<group>"; };
		CAF1D3F320A1F31E000013A9 /* SidePanelViewController.xib */ = {isa = PBXFileReference; lastKnownFileType = file.xib; path = SidePanelViewController.xib; sourceTree = "<group>"; };
		CAF1D3FA20A1F3C7000013A9 /* PrimaryViewController.swift */ = {isa = PBXFileReference; lastKnownFileType = sourcecode.swift; path = PrimaryViewController.swift; sourceTree = "<group>"; };
		CAF1D3FB20A1F3C7000013A9 /* PrimaryViewController.xib */ = {isa = PBXFileReference; lastKnownFileType = file.xib; path = PrimaryViewController.xib; sourceTree = "<group>"; };
		CAF1D3FE20A1F3D7000013A9 /* SecundaryViewController.swift */ = {isa = PBXFileReference; lastKnownFileType = sourcecode.swift; path = SecundaryViewController.swift; sourceTree = "<group>"; };
		CAF1D3FF20A1F3D7000013A9 /* SecundaryViewController.xib */ = {isa = PBXFileReference; lastKnownFileType = file.xib; path = SecundaryViewController.xib; sourceTree = "<group>"; };
/* End PBXFileReference section */

/* Begin PBXFrameworksBuildPhase section */
		CAF1D3D820A1F254000013A9 /* Frameworks */ = {
			isa = PBXFrameworksBuildPhase;
			buildActionMask = 2147483647;
			files = (
			);
			runOnlyForDeploymentPostprocessing = 0;
		};
/* End PBXFrameworksBuildPhase section */

/* Begin PBXGroup section */
		CAF1D3D220A1F254000013A9 = {
			isa = PBXGroup;
			children = (
				CAF1D3DD20A1F254000013A9 /* ContainerViewSample */,
				CAF1D3DC20A1F254000013A9 /* Products */,
			);
			sourceTree = "<group>";
		};
		CAF1D3DC20A1F254000013A9 /* Products */ = {
			isa = PBXGroup;
			children = (
				CAF1D3DB20A1F254000013A9 /* ContainerViewSample.app */,
			);
			name = Products;
			sourceTree = "<group>";
		};
		CAF1D3DD20A1F254000013A9 /* ContainerViewSample */ = {
			isa = PBXGroup;
			children = (
				CAF1D3DE20A1F254000013A9 /* AppDelegate.swift */,
				CAF1D3E020A1F254000013A9 /* ViewController.swift */,
				CAF1D3E520A1F256000013A9 /* Assets.xcassets */,
				CAF1D3E720A1F256000013A9 /* LaunchScreen.storyboard */,
				CAF1D3EA20A1F256000013A9 /* Info.plist */,
				CAF1D3F020A1F2C4000013A9 /* ContainerViewController.swift */,
				CAF1D3F220A1F31E000013A9 /* SidePanelViewController.swift */,
				CAF1D3F320A1F31E000013A9 /* SidePanelViewController.xib */,
				CAF1D3FA20A1F3C7000013A9 /* PrimaryViewController.swift */,
				CAF1D3FB20A1F3C7000013A9 /* PrimaryViewController.xib */,
				CAF1D3FE20A1F3D7000013A9 /* SecundaryViewController.swift */,
				CAF1D3FF20A1F3D7000013A9 /* SecundaryViewController.xib */,
			);
			path = ContainerViewSample;
			sourceTree = "<group>";
		};
/* End PBXGroup section */

/* Begin PBXNativeTarget section */
		CAF1D3DA20A1F254000013A9 /* ContainerViewSample */ = {
			isa = PBXNativeTarget;
			buildConfigurationList = CAF1D3ED20A1F256000013A9 /* Build configuration list for PBXNativeTarget "ContainerViewSample" */;
			buildPhases = (
				CAF1D3D720A1F254000013A9 /* Sources */,
				CAF1D3D820A1F254000013A9 /* Frameworks */,
				CAF1D3D920A1F254000013A9 /* Resources */,
			);
			buildRules = (
			);
			dependencies = (
			);
			name = ContainerViewSample;
			productName = ContainerViewSample;
			productReference = CAF1D3DB20A1F254000013A9 /* ContainerViewSample.app */;
			productType = "com.apple.product-type.application";
		};
/* End PBXNativeTarget section */

/* Begin PBXProject section */
		CAF1D3D320A1F254000013A9 /* Project object */ = {
			isa = PBXProject;
			attributes = {
				LastSwiftUpdateCheck = 0930;
				LastUpgradeCheck = 0930;
				ORGANIZATIONNAME = Approppo;
				TargetAttributes = {
					CAF1D3DA20A1F254000013A9 = {
						CreatedOnToolsVersion = 9.3;
					};
				};
			};
			buildConfigurationList = CAF1D3D620A1F254000013A9 /* Build configuration list for PBXProject "ContainerViewSample" */;
			compatibilityVersion = "Xcode 9.3";
			developmentRegion = en;
			hasScannedForEncodings = 0;
			knownRegions = (
				en,
				Base,
			);
			mainGroup = CAF1D3D220A1F254000013A9;
			productRefGroup = CAF1D3DC20A1F254000013A9 /* Products */;
			projectDirPath = "";
			projectRoot = "";
			targets = (
				CAF1D3DA20A1F254000013A9 /* ContainerViewSample */,
			);
		};
/* End PBXProject section */

/* Begin PBXResourcesBuildPhase section */
		CAF1D3D920A1F254000013A9 /* Resources */ = {
			isa = PBXResourcesBuildPhase;
			buildActionMask = 2147483647;
			files = (
				CAF1D3F520A1F31E000013A9 /* SidePanelViewController.xib in Resources */,
				CAF1D40120A1F3D7000013A9 /* SecundaryViewController.xib in Resources */,
				CAF1D3FD20A1F3C7000013A9 /* PrimaryViewController.xib in Resources */,
				CAF1D3E920A1F256000013A9 /* LaunchScreen.storyboard in Resources */,
				CAF1D3E620A1F256000013A9 /* Assets.xcassets in Resources */,
			);
			runOnlyForDeploymentPostprocessing = 0;
		};
/* End PBXResourcesBuildPhase section */

/* Begin PBXSourcesBuildPhase section */
		CAF1D3D720A1F254000013A9 /* Sources */ = {
			isa = PBXSourcesBuildPhase;
			buildActionMask = 2147483647;
			files = (
				CAF1D3F420A1F31E000013A9 /* SidePanelViewController.swift in Sources */,
				CAF1D3E120A1F254000013A9 /* ViewController.swift in Sources */,
				CAF1D3F120A1F2C4000013A9 /* ContainerViewController.swift in Sources */,
				CAF1D40020A1F3D7000013A9 /* SecundaryViewController.swift in Sources */,
				CAF1D3FC20A1F3C7000013A9 /* PrimaryViewController.swift in Sources */,
				CAF1D3DF20A1F254000013A9 /* AppDelegate.swift in Sources */,
			);
			runOnlyForDeploymentPostprocessing = 0;
		};
/* End PBXSourcesBuildPhase section */

/* Begin PBXVariantGroup section */
		CAF1D3E720A1F256000013A9 /* LaunchScreen.storyboard */ = {
			isa = PBXVariantGroup;
			children = (
				CAF1D3E820A1F256000013A9 /* Base */,
			);
			name = LaunchScreen.storyboard;
			sourceTree = "<group>";
		};
/* End PBXVariantGroup section */

/* Begin XCBuildConfiguration section */
		CAF1D3EB20A1F256000013A9 /* Debug */ = {
			isa = XCBuildConfiguration;
			buildSettings = {
				ALWAYS_SEARCH_USER_PATHS = NO;
				CLANG_ANALYZER_NONNULL = YES;
				CLANG_ANALYZER_NUMBER_OBJECT_CONVERSION = YES_AGGRESSIVE;
				CLANG_CXX_LANGUAGE_STANDARD = "gnu++14";
				CLANG_CXX_LIBRARY = "libc++";
				CLANG_ENABLE_MODULES = YES;
				CLANG_ENABLE_OBJC_ARC = YES;
				CLANG_ENABLE_OBJC_WEAK = YES;
				CLANG_WARN_BLOCK_CAPTURE_AUTORELEASING = YES;
				CLANG_WARN_BOOL_CONVERSION = YES;
				CLANG_WARN_COMMA = YES;
				CLANG_WARN_CONSTANT_CONVERSION = YES;
				CLANG_WARN_DEPRECATED_OBJC_IMPLEMENTATIONS = YES;
				CLANG_WARN_DIRECT_OBJC_ISA_USAGE = YES_ERROR;
				CLANG_WARN_DOCUMENTATION_COMMENTS = YES;
				CLANG_WARN_EMPTY_BODY = YES;
				CLANG_WARN_ENUM_CONVERSION = YES;
				CLANG_WARN_INFINITE_RECURSION = YES;
				CLANG_WARN_INT_CONVERSION = YES;
				CLANG_WARN_NON_LITERAL_NULL_CONVERSION = YES;
				CLANG_WARN_OBJC_IMPLICIT_RETAIN_SELF = YES;
				CLANG_WARN_OBJC_LITERAL_CONVERSION = YES;
				CLANG_WARN_OBJC_ROOT_CLASS = YES_ERROR;
				CLANG_WARN_RANGE_LOOP_ANALYSIS = YES;
				CLANG_WARN_STRICT_PROTOTYPES = YES;
				CLANG_WARN_SUSPICIOUS_MOVE = YES;
				CLANG_WARN_UNGUARDED_AVAILABILITY = YES_AGGRESSIVE;
				CLANG_WARN_UNREACHABLE_CODE = YES;
				CLANG_WARN__DUPLICATE_METHOD_MATCH = YES;
				CODE_SIGN_IDENTITY = "iPhone Developer";
				COPY_PHASE_STRIP = NO;
				DEBUG_INFORMATION_FORMAT = dwarf;
				ENABLE_STRICT_OBJC_MSGSEND = YES;
				ENABLE_TESTABILITY = YES;
				GCC_C_LANGUAGE_STANDARD = gnu11;
				GCC_DYNAMIC_NO_PIC = NO;
				GCC_NO_COMMON_BLOCKS = YES;
				GCC_OPTIMIZATION_LEVEL = 0;
				GCC_PREPROCESSOR_DEFINITIONS = (
					"DEBUG=1",
					"$(inherited)",
				);
				GCC_WARN_64_TO_32_BIT_CONVERSION = YES;
				GCC_WARN_ABOUT_RETURN_TYPE = YES_ERROR;
				GCC_WARN_UNDECLARED_SELECTOR = YES;
				GCC_WARN_UNINITIALIZED_AUTOS = YES_AGGRESSIVE;
				GCC_WARN_UNUSED_FUNCTION = YES;
				GCC_WARN_UNUSED_VARIABLE = YES;
				IPHONEOS_DEPLOYMENT_TARGET = 11.3;
				MTL_ENABLE_DEBUG_INFO = YES;
				ONLY_ACTIVE_ARCH = YES;
				SDKROOT = iphoneos;
				SWIFT_ACTIVE_COMPILATION_CONDITIONS = DEBUG;
				SWIFT_OPTIMIZATION_LEVEL = "-Onone";
			};
			name = Debug;
		};
		CAF1D3EC20A1F256000013A9 /* Release */ = {
			isa = XCBuildConfiguration;
			buildSettings = {
				ALWAYS_SEARCH_USER_PATHS = NO;
				CLANG_ANALYZER_NONNULL = YES;
				CLANG_ANALYZER_NUMBER_OBJECT_CONVERSION = YES_AGGRESSIVE;
				CLANG_CXX_LANGUAGE_STANDARD = "gnu++14";
				CLANG_CXX_LIBRARY = "libc++";
				CLANG_ENABLE_MODULES = YES;
				CLANG_ENABLE_OBJC_ARC = YES;
				CLANG_ENABLE_OBJC_WEAK = YES;
				CLANG_WARN_BLOCK_CAPTURE_AUTORELEASING = YES;
				CLANG_WARN_BOOL_CONVERSION = YES;
				CLANG_WARN_COMMA = YES;
				CLANG_WARN_CONSTANT_CONVERSION = YES;
				CLANG_WARN_DEPRECATED_OBJC_IMPLEMENTATIONS = YES;
				CLANG_WARN_DIRECT_OBJC_ISA_USAGE = YES_ERROR;
				CLANG_WARN_DOCUMENTATION_COMMENTS = YES;
				CLANG_WARN_EMPTY_BODY = YES;
				CLANG_WARN_ENUM_CONVERSION = YES;
				CLANG_WARN_INFINITE_RECURSION = YES;
				CLANG_WARN_INT_CONVERSION = YES;
				CLANG_WARN_NON_LITERAL_NULL_CONVERSION = YES;
				CLANG_WARN_OBJC_IMPLICIT_RETAIN_SELF = YES;
				CLANG_WARN_OBJC_LITERAL_CONVERSION = YES;
				CLANG_WARN_OBJC_ROOT_CLASS = YES_ERROR;
				CLANG_WARN_RANGE_LOOP_ANALYSIS = YES;
				CLANG_WARN_STRICT_PROTOTYPES = YES;
				CLANG_WARN_SUSPICIOUS_MOVE = YES;
				CLANG_WARN_UNGUARDED_AVAILABILITY = YES_AGGRESSIVE;
				CLANG_WARN_UNREACHABLE_CODE = YES;
				CLANG_WARN__DUPLICATE_METHOD_MATCH = YES;
				CODE_SIGN_IDENTITY = "iPhone Developer";
				COPY_PHASE_STRIP = NO;
				DEBUG_INFORMATION_FORMAT = "dwarf-with-dsym";
				ENABLE_NS_ASSERTIONS = NO;
				ENABLE_STRICT_OBJC_MSGSEND = YES;
				GCC_C_LANGUAGE_STANDARD = gnu11;
				GCC_NO_COMMON_BLOCKS = YES;
				GCC_WARN_64_TO_32_BIT_CONVERSION = YES;
				GCC_WARN_ABOUT_RETURN_TYPE = YES_ERROR;
				GCC_WARN_UNDECLARED_SELECTOR = YES;
				GCC_WARN_UNINITIALIZED_AUTOS = YES_AGGRESSIVE;
				GCC_WARN_UNUSED_FUNCTION = YES;
				GCC_WARN_UNUSED_VARIABLE = YES;
				IPHONEOS_DEPLOYMENT_TARGET = 11.3;
				MTL_ENABLE_DEBUG_INFO = NO;
				SDKROOT = iphoneos;
				SWIFT_COMPILATION_MODE = wholemodule;
				SWIFT_OPTIMIZATION_LEVEL = "-O";
				VALIDATE_PRODUCT = YES;
			};
			name = Release;
		};
		CAF1D3EE20A1F256000013A9 /* Debug */ = {
			isa = XCBuildConfiguration;
			buildSettings = {
				ASSETCATALOG_COMPILER_APPICON_NAME = AppIcon;
				CODE_SIGN_STYLE = Automatic;
				DEVELOPMENT_TEAM = JQ9WMKDP74;
				INFOPLIST_FILE = ContainerViewSample/Info.plist;
				LD_RUNPATH_SEARCH_PATHS = (
					"$(inherited)",
					"@executable_path/Frameworks",
				);
				PRODUCT_BUNDLE_IDENTIFIER = ch.approppo.ContainerViewSample.ContainerViewSample;
				PRODUCT_NAME = "$(TARGET_NAME)";
				SWIFT_VERSION = 4.0;
				TARGETED_DEVICE_FAMILY = "1,2";
			};
			name = Debug;
		};
		CAF1D3EF20A1F256000013A9 /* Release */ = {
			isa = XCBuildConfiguration;
			buildSettings = {
				ASSETCATALOG_COMPILER_APPICON_NAME = AppIcon;
				CODE_SIGN_STYLE = Automatic;
				DEVELOPMENT_TEAM = JQ9WMKDP74;
				INFOPLIST_FILE = ContainerViewSample/Info.plist;
				LD_RUNPATH_SEARCH_PATHS = (
					"$(inherited)",
					"@executable_path/Frameworks",
				);
				PRODUCT_BUNDLE_IDENTIFIER = ch.approppo.ContainerViewSample.ContainerViewSample;
				PRODUCT_NAME = "$(TARGET_NAME)";
				SWIFT_VERSION = 4.0;
				TARGETED_DEVICE_FAMILY = "1,2";
			};
			name = Release;
		};
/* End XCBuildConfiguration section */

/* Begin XCConfigurationList section */
		CAF1D3D620A1F254000013A9 /* Build configuration list for PBXProject "ContainerViewSample" */ = {
			isa = XCConfigurationList;
			buildConfigurations = (
				CAF1D3EB20A1F256000013A9 /* Debug */,
				CAF1D3EC20A1F256000013A9 /* Release */,
			);
			defaultConfigurationIsVisible = 0;
			defaultConfigurationName = Release;
		};
		CAF1D3ED20A1F256000013A9 /* Build configuration list for PBXNativeTarget "ContainerViewSample" */ = {
			isa = XCConfigurationList;
			buildConfigurations = (
				CAF1D3EE20A1F256000013A9 /* Debug */,
				CAF1D3EF20A1F256000013A9 /* Release */,
			);
			defaultConfigurationIsVisible = 0;
			defaultConfigurationName = Release;
		};
/* End XCConfigurationList section */
	};
	rootObject = CAF1D3D320A1F254000013A9 /* Project object */;
}
